lockfileVersion: 5.4

specifiers:
  ofetch: ^1.0.1

dependencies:
  ofetch: 1.0.1

packages:

  /destr/1.2.2:
    resolution: {integrity: sha512-lrbCJwD9saUQrqUfXvl6qoM+QN3W7tLV5pAOs+OqOmopCCz/JkE05MHedJR1xfk4IAnZuJXPVuN5+7jNA2ZCiA==}
    dev: false

  /node-fetch-native/1.0.2:
    resolution: {integrity: sha512-KIkvH1jl6b3O7es/0ShyCgWLcfXxlBrLBbP3rOr23WArC66IMcU4DeZEeYEOwnopYhawLTn7/y+YtmASe8DFVQ==}
    dev: false

  /ofetch/1.0.1:
    resolution: {integrity: sha512-icBz2JYfEpt+wZz1FRoGcrMigjNKjzvufE26m9+yUiacRQRHwnNlGRPiDnW4op7WX/MR6aniwS8xw8jyVelF2g==}
    dependencies:
      destr: 1.2.2
      node-fetch-native: 1.0.2
      ufo: 1.1.1
    dev: false

  /ufo/1.1.1:
    resolution: {integrity: sha512-MvlCc4GHrmZdAllBc0iUDowff36Q9Ndw/UzqmEKyrfSzokTd9ZCy1i+IIk5hrYKkjoYVQyNbrw7/F8XJ2rEwTg==}
    dev: false
